
Microsoft Visual Studio Solution File, Format Version 12.00
# Visual Studio Version 16
VisualStudioVersion = 16.0.30011.22
MinimumVisualStudioVersion = 10.0.40219.1
Project("{F184B08F-C81C-45F6-A57F-5ABD9991F28F}") = "BlueHeron.Collections", "BlueHeron.Collections.vbproj", "{26D6240D-3589-4261-8CEB-AF1BC3A22474}"
EndProject
Global
	GlobalSection(SolutionConfigurationPlatforms) = preSolution
		Debug|Any CPU = Debug|Any CPU
		Release|Any CPU = Release|Any CPU
	EndGlobalSection
	GlobalSection(ProjectConfigurationPlatforms) = postSolution
		{26D6240D-3589-4261-8CEB-AF1BC3A22474}.Debug|Any CPU.ActiveCfg = Debug|Any CPU
		{26D6240D-3589-4261-8CEB-AF1BC3A22474}.Debug|Any CPU.Build.0 = Debug|Any CPU
		{26D6240D-3589-4261-8CEB-AF1BC3A22474}.Release|Any CPU.ActiveCfg = Release|Any CPU
		{26D6240D-3589-4261-8CEB-AF1BC3A22474}.Release|Any CPU.Build.0 = Release|Any CPU
	EndGlobalSection
	GlobalSection(SolutionProperties) = preSolution
		HideSolutionNode = FALSE
	EndGlobalSection
	GlobalSection(ExtensibilityGlobals) = postSolution
		SolutionGuid = {1EBDC81B-D8B0-4A47-B0B4-ED6F62A0470C}
	EndGlobalSection
EndGlobal
